dependencies:
  espressif/usb_host_cdc_acm:
    component_hash: f3893a5e117c65f3c4d90d282bbb43624a2fec4144532e5c72223e69bd1b00e9
    dependencies:
    - name: idf
      require: private
      version: '>=5.0'
    - name: espressif/usb
      registry_url: https://components.espressif.com
      require: public
      rules:
      - if: idf_version >=6.0
      - if: target not in ["linux"]
      version: ^1.0.0
    source:
      registry_url: https://components.espressif.com
      type: service
    targets:
    - esp32s2
    - esp32s3
    - esp32p4
    - esp32h4
    - esp32s31
    - linux
    version: 2.4.0
  espressif/usb_host_ch34x_vcp:
    component_hash: bf5e9c1c4e6e0a617cc268978b7ae4537d559e6c4b3bdae857dd05b703b4283c
    dependencies:
    - name: espressif/usb_host_cdc_acm
      registry_url: https://components.espressif.com
      require: public
      version: ^2.1.0
    source:
      registry_url: https://components.espressif.com/
      type: service
    version: 2.2.1
  idf:
    source:
      type: idf
    version: 5.4.1
direct_dependencies:
- espressif/usb_host_ch34x_vcp
- idf
manifest_hash: d564f508a30320afa585cb905947755c7a22aefc05048180245932e85bf921a3
target: esp32p4
version: 2.0.0
